
Microsoft Visual Studio Solution File, Format Version 12.00
# Visual Studio Version 16
VisualStudioVersion = 16.0.29411.108
MinimumVisualStudioVersion = 10.0.40219.1
Project("{FAE04EC0-301F-11D3-BF4B-00C04F79EFBC}") = "BirthdayParadox_4", "BirthdayParadox_4\BirthdayParadox_4.csproj", "{7399AB45-A4EF-41A7-BAE7-B27343802C9A}"
EndProject
Global
	GlobalSection(SolutionConfigurationPlatforms) = preSolution
		Debug|Any CPU = Debug|Any CPU
		Release|Any CPU = Release|Any CPU
	EndGlobalSection
	GlobalSection(ProjectConfigurationPlatforms) = postSolution
		{7399AB45-A4EF-41A7-BAE7-B27343802C9A}.Debug|Any CPU.ActiveCfg = Debug|Any CPU
		{7399AB45-A4EF-41A7-BAE7-B27343802C9A}.Debug|Any CPU.Build.0 = Debug|Any CPU
		{7399AB45-A4EF-41A7-BAE7-B27343802C9A}.Release|Any CPU.ActiveCfg = Release|Any CPU
		{7399AB45-A4EF-41A7-BAE7-B27343802C9A}.Release|Any CPU.Build.0 = Release|Any CPU
	EndGlobalSection
	GlobalSection(SolutionProperties) = preSolution
		HideSolutionNode = FALSE
	EndGlobalSection
	GlobalSection(ExtensibilityGlobals) = postSolution
		SolutionGuid = {77B7E058-D597-4C03-83BF-E352E030D50A}
	EndGlobalSection
EndGlobal
